{
  "nodes": {
    "fran": {
      "inputs": {
        "nixpkgs": [
          "rixpkgs"
        ]
      },
      "locked": {
        "lastModified": 1771462351,
        "narHash": "sha256-N3mUOwFwGBaFomNdlWuCRftzqy+h9Io8PJGcMVtJJsY=",
        "owner": "dwinkler1",
        "repo": "fran",
        "rev": "7b8fbbcd0c55df98795a9e34621e6224b6713b5b",
        "type": "github"
      },
      "original": {
        "owner": "dwinkler1",
        "repo": "fran",
        "type": "github"
      }
    },
    "nixpkgs": {
      "locked": {
        "lastModified": 1771369470,
        "narHash": "sha256-0NBlEBKkN3lufyvFegY4TYv5mCNHbi5OmBDrzihbBMQ=",
        "owner": "nixos",
        "repo": "nixpkgs",
        "rev": "0182a361324364ae3f436a63005877674cf45efb",
        "type": "github"
      },
      "original": {
        "owner": "nixos",
        "ref": "nixos-unstable",
        "repo": "nixpkgs",
        "type": "github"
      }
    },
    "plugins-cmp-pandoc-references": {
      "flake": false,
      "locked": {
        "lastModified": 1743491695,
        "narHash": "sha256-XsdneGNJzmRBggk8lz9JNDQYk7wbYfUAF2oZLXzFb9c=",
        "owner": "jmbuhr",
        "repo": "cmp-pandoc-references",
        "rev": "130eae4f75029d6495808e0ea4b769fa1ce4c9ac",
        "type": "github"
      },
      "original": {
        "owner": "jmbuhr",
        "repo": "cmp-pandoc-references",
        "type": "github"
      }
    },
    "plugins-r": {
      "flake": false,
      "locked": {
        "lastModified": 1770663552,
        "narHash": "sha256-vI5XW33cNJdHdVAtLSSbKb5ROdSbeOMb23lXTUbgva8=",
        "owner": "R-nvim",
        "repo": "R.nvim",
        "rev": "659dc18aba2d2b799c04efbce66a15ea87bd6ec6",
        "type": "github"
      },
      "original": {
        "owner": "R-nvim",
        "repo": "R.nvim",
        "type": "github"
      }
    },
    "rixpkgs": {
      "locked": {
        "lastModified": 1771303851,
        "narHash": "sha256-tgveHozOJ2D/mi3LxVy/FcmLFDlM5XKZxsNB2XpvzaM=",
        "owner": "dwinkler1",
        "repo": "rixpkgs",
        "rev": "af2dd3f7b4b172077747c0869d4e30702fb71b0e",
        "type": "github"
      },
      "original": {
        "owner": "dwinkler1",
        "ref": "nixpkgs",
        "repo": "rixpkgs",
        "type": "github"
      }
    },
    "root": {
      "inputs": {
        "fran": "fran",
        "nixpkgs": "nixpkgs",
        "plugins-cmp-pandoc-references": "plugins-cmp-pandoc-references",
        "plugins-r": "plugins-r",
        "rixpkgs": "rixpkgs",
        "wrappers": "wrappers"
      }
    },
    "wrappers": {
      "inputs": {
        "nixpkgs": [
          "nixpkgs"
        ]
      },
      "locked": {
        "lastModified": 1771192657,
        "narHash": "sha256-Ibv5WEXiwr6gIEOajD4QE93TYpXUhEYv1VZV8sdU3IQ=",
        "owner": "BirdeeHub",
        "repo": "nix-wrapper-modules",
        "rev": "8ba8703b62c2cc7e642f58ff03bd14a2f836e07a",
        "type": "github"
      },
      "original": {
        "owner": "BirdeeHub",
        "repo": "nix-wrapper-modules",
        "type": "github"
      }
    }
  },
  "root": "root",
  "version": 7
}
