{
  "nodes": {
    "fran": {
      "inputs": {
        "nixpkgs": [
          "rixpkgs"
        ]
      },
      "locked": {
        "lastModified": 1771462351,
        "narHash": "sha256-N3mUOwFwGBaFomNdlWuCRftzqy+h9Io8PJGcMVtJJsY=",
        "owner": "dwinkler1",
        "repo": "fran",
        "rev": "7b8fbbcd0c55df98795a9e34621e6224b6713b5b",
        "type": "github"
      },
      "original": {
        "owner": "dwinkler1",
        "repo": "fran",
        "type": "github"
      }
    },
    "nixpkgs": {
      "locked": {
        "lastModified": 1772198003,
        "narHash": "sha256-I45esRSssFtJ8p/gLHUZ1OUaaTaVLluNkABkk6arQwE=",
        "owner": "nixos",
        "repo": "nixpkgs",
        "rev": "dd9b079222d43e1943b6ebd802f04fd959dc8e61",
        "type": "github"
      },
      "original": {
        "owner": "nixos",
        "ref": "nixos-unstable",
        "repo": "nixpkgs",
        "type": "github"
      }
    },
    "plugins-cmp-pandoc-references": {
      "flake": false,
      "locked": {
        "lastModified": 1743491695,
        "narHash": "sha256-XsdneGNJzmRBggk8lz9JNDQYk7wbYfUAF2oZLXzFb9c=",
        "owner": "jmbuhr",
        "repo": "cmp-pandoc-references",
        "rev": "130eae4f75029d6495808e0ea4b769fa1ce4c9ac",
        "type": "github"
      },
      "original": {
        "owner": "jmbuhr",
        "repo": "cmp-pandoc-references",
        "type": "github"
      }
    },
    "plugins-r": {
      "flake": false,
      "locked": {
        "lastModified": 1771934856,
        "narHash": "sha256-dcG13Bpm6z8/uush8T06Hfme9PZawE98EIvWRA6pnu4=",
        "owner": "R-nvim",
        "repo": "R.nvim",
        "rev": "b5e2b36450c89a670f30b4a1f2c9eed1deac9c8a",
        "type": "github"
      },
      "original": {
        "owner": "R-nvim",
        "repo": "R.nvim",
        "type": "github"
      }
    },
    "rixpkgs": {
      "locked": {
        "lastModified": 1771303851,
        "narHash": "sha256-tgveHozOJ2D/mi3LxVy/FcmLFDlM5XKZxsNB2XpvzaM=",
        "owner": "dwinkler1",
        "repo": "rixpkgs",
        "rev": "af2dd3f7b4b172077747c0869d4e30702fb71b0e",
        "type": "github"
      },
      "original": {
        "owner": "dwinkler1",
        "ref": "nixpkgs",
        "repo": "rixpkgs",
        "type": "github"
      }
    },
    "root": {
      "inputs": {
        "fran": "fran",
        "nixpkgs": "nixpkgs",
        "plugins-cmp-pandoc-references": "plugins-cmp-pandoc-references",
        "plugins-r": "plugins-r",
        "rixpkgs": "rixpkgs",
        "wrappers": "wrappers"
      }
    },
    "wrappers": {
      "inputs": {
        "nixpkgs": [
          "nixpkgs"
        ]
      },
      "locked": {
        "lastModified": 1772329359,
        "narHash": "sha256-0zwyzQ6TV1HZDs182O9ahtFLlUBm/TkOBSewG9EmP74=",
        "owner": "BirdeeHub",
        "repo": "nix-wrapper-modules",
        "rev": "cf2acacbbb4dc86211be108524891e316bc3e4f4",
        "type": "github"
      },
      "original": {
        "owner": "BirdeeHub",
        "repo": "nix-wrapper-modules",
        "type": "github"
      }
    }
  },
  "root": "root",
  "version": 7
}
