{
  "nodes": {
    "fran": {
      "inputs": {
        "nixpkgs": [
          "rixpkgs"
        ]
      },
      "locked": {
        "lastModified": 1787729487,
        "narHash": "sha256-3A5rKxnceQ+inWqeQDUrxoVPXr67JMrdIIfbLStx06s=",
        "owner": "dwinkler1",
        "repo": "fran",
        "rev": "b77635aeb1e70fffd09e5823dde5b76abb3df991",
        "type": "github"
      },
      "original": {
        "owner": "dwinkler1",
        "repo": "fran",
        "type": "github"
      }
    },
    "nixpkgs": {
      "locked": {
        "lastModified": 1788179007,
        "narHash": "sha256-hn1oU2rue2SYK8dAr8+WNZWtbsz1S2W5mnHlSEuh3bo=",
        "owner": "nixos",
        "repo": "nixpkgs",
        "rev": "34ab99075ac4f7e40cf037eef32cb1c360bb85e9",
        "type": "github"
      },
      "original": {
        "owner": "nixos",
        "ref": "nixos-unstable",
        "repo": "nixpkgs",
        "type": "github"
      }
    },
    "plugins-cmp-pandoc-references": {
      "flake": false,
      "locked": {
        "lastModified": 1743491695,
        "narHash": "sha256-XsdneGNJzmRBggk8lz9JNDQYk7wbYfUAF2oZLXzFb9c=",
        "owner": "jmbuhr",
        "repo": "cmp-pandoc-references",
        "rev": "130eae4f75029d6495808e0ea4b769fa1ce4c9ac",
        "type": "github"
      },
      "original": {
        "owner": "jmbuhr",
        "repo": "cmp-pandoc-references",
        "type": "github"
      }
    },
    "r-nvim-nix": {
      "inputs": {
        "nixpkgs": [
          "rixpkgs"
        ],
        "rnvimsrc": "rnvimsrc"
      },
      "locked": {
        "lastModified": 1784867506,
        "narHash": "sha256-5zXVJLG7+Gi9sgb4Dn7P6O/ywQQxpvcjjoHSJXZEuVo=",
        "owner": "dwinkler1",
        "repo": "r_nvim_nix",
        "rev": "1d26452e3c940153271fc57fbad0b295fcb0e04f",
        "type": "github"
      },
      "original": {
        "owner": "dwinkler1",
        "ref": "v1.0.0",
        "repo": "r_nvim_nix",
        "type": "github"
      }
    },
    "rixpkgs": {
      "locked": {
        "lastModified": 1788208780,
        "narHash": "sha256-ouq3GjmTOXtWVufLOhMqLAEJXxrlkhDYtZJt3YfN5oU=",
        "owner": "dwinkler1",
        "repo": "rixpkgs",
        "rev": "f3d00cb8f39262e6ca15c2046bd29ca8a52aae31",
        "type": "github"
      },
      "original": {
        "owner": "dwinkler1",
        "ref": "nixpkgs",
        "repo": "rixpkgs",
        "type": "github"
      }
    },
    "rnvimsrc": {
      "flake": false,
      "locked": {
        "lastModified": 1783264911,
        "narHash": "sha256-FywUL3mV2+kfu+rO6uUFyUv80EflbdgSkYuSnW965UE=",
        "owner": "R-nvim",
        "repo": "R.nvim",
        "rev": "c56ebe0f8445e251673981c40ac2d74659ecd6ed",
        "type": "github"
      },
      "original": {
        "owner": "R-nvim",
        "ref": "v1.0.0",
        "repo": "R.nvim",
        "type": "github"
      }
    },
    "root": {
      "inputs": {
        "fran": "fran",
        "nixpkgs": "nixpkgs",
        "plugins-cmp-pandoc-references": "plugins-cmp-pandoc-references",
        "r-nvim-nix": "r-nvim-nix",
        "rixpkgs": "rixpkgs",
        "wrappers": "wrappers"
      }
    },
    "wrappers": {
      "inputs": {
        "nixpkgs": [
          "nixpkgs"
        ]
      },
      "locked": {
        "lastModified": 1787722691,
        "narHash": "sha256-bWBt7v2FhgG6WTLgSi8nYGi1zXaTdA+vTdCRdvR2vcw=",
        "owner": "BirdeeHub",
        "repo": "nix-wrapper-modules",
        "rev": "04ef216559b18214853879df862f493a9e6bb8cf",
        "type": "github"
      },
      "original": {
        "owner": "BirdeeHub",
        "repo": "nix-wrapper-modules",
        "type": "github"
      }
    }
  },
  "root": "root",
  "version": 7
}
